PODS:
  - M13Checkbox (3.1.3)
  - UICircularProgressRing (1.1.7)
  - ValueStepper (1.0)

DEPENDENCIES:
  - M13Checkbox
  - UICircularProgressRing
  - ValueStepper

SPEC CHECKSUMS:
  M13Checkbox: c132a7e0eb964731855eff67b883a0b21b7c0977
  UICircularProgressRing: aa42aecd035658bd7212fab6e2feabc8dcc72fae
  ValueStepper: a1a275491e3a1ab6fe80a589ce04781d4a795fb3

PODFILE CHECKSUM: 5dd13e15291a702e193097c457e9c24c72a0ca5e

COCOAPODS: 1.1.1
